// !$*UTF8*$!
{
	archiveVersion = 1;
	classes = {
	};
	objectVersion = 56;
	objects = {

/* Begin PBXBuildFile section */
		4558BF422A0FE64400F40377 /* AppDelegate.swift in Sources */ = {isa = PBXBuildFile; fileRef = 4558BF412A0FE64400F40377 /* AppDelegate.swift */; };
		4558BF442A0FE64400F40377 /* SceneDelegate.swift in Sources */ = {isa = PBXBuildFile; fileRef = 4558BF432A0FE64400F40377 /* SceneDelegate.swift */; };
		4558BF462A0FE64400F40377 /* ViewController.swift in Sources */ = {isa = PBXBuildFile; fileRef = 4558BF452A0FE64400F40377 /* ViewController.swift */; };
		4558BF492A0FE64400F40377 /* Main.storyboard in Resources */ = {isa = PBXBuildFile; fileRef = 4558BF472A0FE64400F40377 /* Main.storyboard */; };
		4558BF4C2A0FE64400F40377 /* FriendZone.xcdatamodeld in Sources */ = {isa = PBXBuildFile; fileRef = 4558BF4A2A0FE64400F40377 /* FriendZone.xcdatamodeld */; };
		4558BF4E2A0FE64900F40377 /* Assets.xcassets in Resources */ = {isa = PBXBuildFile; fileRef = 4558BF4D2A0FE64900F40377 /* Assets.xcassets */; };
		4558BF512A0FE64900F40377 /* LaunchScreen.storyboard in Resources */ = {isa = PBXBuildFile; fileRef = 4558BF4F2A0FE64900F40377 /* LaunchScreen.storyboard */; };
/* End PBXBuildFile section */

/* Begin PBXFileReference section */
		4558BF3E2A0FE64400F40377 /* FriendZone.app */ = {isa = PBXFileReference; explicitFileType = wrapper.application; includeInIndex = 0; path = FriendZone.app; sourceTree = BUILT_PRODUCTS_DIR; };
		4558BF412A0FE64400F40377 /* AppDelegate.swift */ = {isa = PBXFileReference; lastKnownFileType = sourcecode.swift; path = AppDelegate.swift; sourceTree = "<group>"; };
		4558BF432A0FE64400F40377 /* SceneDelegate.swift */ = {isa = PBXFileReference; lastKnownFileType = sourcecode.swift; path = SceneDelegate.swift; sourceTree = "<group>"; };
		4558BF452A0FE64400F40377 /* ViewController.swift */ = {isa = PBXFileReference; lastKnownFileType = sourcecode.swift; path = ViewController.swift; sourceTree = "<group>"; };
		4558BF482A0FE64400F40377 /* Base */ = {isa = PBXFileReference; lastKnownFileType = file.storyboard; name = Base; path = Base.lproj/Main.storyboard; sourceTree = "<group>"; };
		4558BF4B2A0FE64400F40377 /* FriendZone.xcdatamodel */ = {isa = PBXFileReference; lastKnownFileType = wrapper.xcdatamodel; path = FriendZone.xcdatamodel; sourceTree = "<group>"; };
		4558BF4D2A0FE64900F40377 /* Assets.xcassets */ = {isa = PBXFileReference; lastKnownFileType = folder.assetcatalog; path = Assets.xcassets; sourceTree = "<group>"; };
		4558BF502A0FE64900F40377 /* Base */ = {isa = PBXFileReference; lastKnownFileType = file.storyboard; name = Base; path = Base.lproj/LaunchScreen.storyboard; sourceTree = "<group>"; };
		4558BF522A0FE64900F40377 /* Info.plist */ = {isa = PBXFileReference; lastKnownFileType = text.plist.xml; path = Info.plist; sourceTree = "<group>"; };
/* End PBXFileReference section */

/* Begin PBXFrameworksBuildPhase section */
		4558BF3B2A0FE64400F40377 /* Frameworks */ = {
			isa = PBXFrameworksBuildPhase;
			buildActionMask = 2147483647;
			files = (
			);
			runOnlyForDeploymentPostprocessing = 0;
		};
/* End PBXFrameworksBuildPhase section */

/* Begin PBXGroup section */
		4558BF352A0FE64400F40377 = {
			isa = PBXGroup;
			children = (
				4558BF402A0FE64400F40377 /* FriendZone */,
				4558BF3F2A0FE64400F40377 /* Products */,
			);
			sourceTree = "<group>";
		};
		4558BF3F2A0FE64400F40377 /* Products */ = {
			isa = PBXGroup;
			children = (
				4558BF3E2A0FE64400F40377 /* FriendZone.app */,
			);
			name = Products;
			sourceTree = "<group>";
		};
		4558BF402A0FE64400F40377 /* FriendZone */ = {
			isa = PBXGroup;
			children = (
				4558BF412A0FE64400F40377 /* AppDelegate.swift */,
				4558BF432A0FE64400F40377 /* SceneDelegate.swift */,
				4558BF452A0FE64400F40377 /* ViewController.swift */,
				4558BF472A0FE64400F40377 /* Main.storyboard */,
				4558BF4D2A0FE64900F40377 /* Assets.xcassets */,
				4558BF4F2A0FE64900F40377 /* LaunchScreen.storyboard */,
				4558BF522A0FE64900F40377 /* Info.plist */,
				4558BF4A2A0FE64400F40377 /* FriendZone.xcdatamodeld */,
			);
			path = FriendZone;
			sourceTree = "<group>";
		};
/* End PBXGroup section */

/* Begin PBXNativeTarget section */
		4558BF3D2A0FE64400F40377 /* FriendZone */ = {
			isa = PBXNativeTarget;
			buildConfigurationList = 4558BF552A0FE64900F40377 /* Build configuration list for PBXNativeTarget "FriendZone" */;
			buildPhases = (
				4558BF3A2A0FE64400F40377 /* Sources */,
				4558BF3B2A0FE64400F40377 /* Frameworks */,
				4558BF3C2A0FE64400F40377 /* Resources */,
			);
			buildRules = (
			);
			dependencies = (
			);
			name = FriendZone;
			productName = FriendZone;
			productReference = 4558BF3E2A0FE64400F40377 /* FriendZone.app */;
			productType = "com.apple.product-type.application";
		};
/* End PBXNativeTarget section */

/* Begin PBXProject section */
		4558BF362A0FE64400F40377 /* Project object */ = {
			isa = PBXProject;
			attributes = {
				BuildIndependentTargetsInParallel = 1;
				LastSwiftUpdateCheck = 1410;
				LastUpgradeCheck = 1410;
				TargetAttributes = {
					4558BF3D2A0FE64400F40377 = {
						CreatedOnToolsVersion = 14.1;
					};
				};
			};
			buildConfigurationList = 4558BF392A0FE64400F40377 /* Build configuration list for PBXProject "FriendZone" */;
			compatibilityVersion = "Xcode 14.0";
			developmentRegion = en;
			hasScannedForEncodings = 0;
			knownRegions = (
				en,
				Base,
			);
			mainGroup = 4558BF352A0FE64400F40377;
			productRefGroup = 4558BF3F2A0FE64400F40377 /* Products */;
			projectDirPath = "";
			projectRoot = "";
			targets = (
				4558BF3D2A0FE64400F40377 /* FriendZone */,
			);
		};
/* End PBXProject section */

/* Begin PBXResourcesBuildPhase section */
		4558BF3C2A0FE64400F40377 /* Resources */ = {
			isa = PBXResourcesBuildPhase;
			buildActionMask = 2147483647;
			files = (
				4558BF512A0FE64900F40377 /* LaunchScreen.storyboard in Resources */,
				4558BF4E2A0FE64900F40377 /* Assets.xcassets in Resources */,
				4558BF492A0FE64400F40377 /* Main.storyboard in Resources */,
			);
			runOnlyForDeploymentPostprocessing = 0;
		};
/* End PBXResourcesBuildPhase section */

/* Begin PBXSourcesBuildPhase section */
		4558BF3A2A0FE64400F40377 /* Sources */ = {
			isa = PBXSourcesBuildPhase;
			buildActionMask = 2147483647;
			files = (
				4558BF462A0FE64400F40377 /* ViewController.swift in Sources */,
				4558BF422A0FE64400F40377 /* AppDelegate.swift in Sources */,
				4558BF442A0FE64400F40377 /* SceneDelegate.swift in Sources */,
				4558BF4C2A0FE64400F40377 /* FriendZone.xcdatamodeld in Sources */,
			);
			runOnlyForDeploymentPostprocessing = 0;
		};
/* End PBXSourcesBuildPhase section */

/* Begin PBXVariantGroup section */
		4558BF472A0FE64400F40377 /* Main.storyboard */ = {
			isa = PBXVariantGroup;
			children = (
				4558BF482A0FE64400F40377 /* Base */,
			);
			name = Main.storyboard;
			sourceTree = "<group>";
		};
		4558BF4F2A0FE64900F40377 /* LaunchScreen.storyboard */ = {
			isa = PBXVariantGroup;
			children = (
				4558BF502A0FE64900F40377 /* Base */,
			);
			name = LaunchScreen.storyboard;
			sourceTree = "<group>";
		};
/* End PBXVariantGroup section */

/* Begin XCBuildConfiguration section */
		4558BF532A0FE64900F40377 /* Debug */ = {
			isa = XCBuildConfiguration;
			buildSettings = {
				ALWAYS_SEARCH_USER_PATHS = NO;
				CLANG_ANALYZER_NONNULL = YES;
				CLANG_ANALYZER_NUMBER_OBJECT_CONVERSION = YES_AGGRESSIVE;
				CLANG_CXX_LANGUAGE_STANDARD = "gnu++20";
				CLANG_ENABLE_MODULES = YES;
				CLANG_ENABLE_OBJC_ARC = YES;
				CLANG_ENABLE_OBJC_WEAK = YES;
				CLANG_WARN_BLOCK_CAPTURE_AUTORELEASING = YES;
				CLANG_WARN_BOOL_CONVERSION = YES;
				CLANG_WARN_COMMA = YES;
				CLANG_WARN_CONSTANT_CONVERSION = YES;
				CLANG_WARN_DEPRECATED_OBJC_IMPLEMENTATIONS = YES;
				CLANG_WARN_DIRECT_OBJC_ISA_USAGE = YES_ERROR;
				CLANG_WARN_DOCUMENTATION_COMMENTS = YES;
				CLANG_WARN_EMPTY_BODY = YES;
				CLANG_WARN_ENUM_CONVERSION = YES;
				CLANG_WARN_INFINITE_RECURSION = YES;
				CLANG_WARN_INT_CONVERSION = YES;
				CLANG_WARN_NON_LITERAL_NULL_CONVERSION = YES;
				CLANG_WARN_OBJC_IMPLICIT_RETAIN_SELF = YES;
				CLANG_WARN_OBJC_LITERAL_CONVERSION = YES;
				CLANG_WARN_OBJC_ROOT_CLASS = YES_ERROR;
				CLANG_WARN_QUOTED_INCLUDE_IN_FRAMEWORK_HEADER = YES;
				CLANG_WARN_RANGE_LOOP_ANALYSIS = YES;
				CLANG_WARN_STRICT_PROTOTYPES = YES;
				CLANG_WARN_SUSPICIOUS_MOVE = YES;
				CLANG_WARN_UNGUARDED_AVAILABILITY = YES_AGGRESSIVE;
				CLANG_WARN_UNREACHABLE_CODE = YES;
				CLANG_WARN__DUPLICATE_METHOD_MATCH = YES;
				COPY_PHASE_STRIP = NO;
				DEBUG_INFORMATION_FORMAT = dwarf;
				ENABLE_STRICT_OBJC_MSGSEND = YES;
				ENABLE_TESTABILITY = YES;
				GCC_C_LANGUAGE_STANDARD = gnu11;
				GCC_DYNAMIC_NO_PIC = NO;
				GCC_NO_COMMON_BLOCKS = YES;
				GCC_OPTIMIZATION_LEVEL = 0;
				GCC_PREPROCESSOR_DEFINITIONS = (
					"DEBUG=1",
					"$(inherited)",
				);
				GCC_WARN_64_TO_32_BIT_CONVERSION = YES;
				GCC_WARN_ABOUT_RETURN_TYPE = YES_ERROR;
				GCC_WARN_UNDECLARED_SELECTOR = YES;
				GCC_WARN_UNINITIALIZED_AUTOS = YES_AGGRESSIVE;
				GCC_WARN_UNUSED_FUNCTION = YES;
				GCC_WARN_UNUSED_VARIABLE = YES;
				IPHONEOS_DEPLOYMENT_TARGET = 16.1;
				MTL_ENABLE_DEBUG_INFO = INCLUDE_SOURCE;
				MTL_FAST_MATH = YES;
				ONLY_ACTIVE_ARCH = YES;
				SDKROOT = iphoneos;
				SWIFT_ACTIVE_COMPILATION_CONDITIONS = DEBUG;
				SWIFT_OPTIMIZATION_LEVEL = "-Onone";
			};
			name = Debug;
		};
		4558BF542A0FE64900F40377 /* Release */ = {
			isa = XCBuildConfiguration;
			buildSettings = {
				ALWAYS_SEARCH_USER_PATHS = NO;
				CLANG_ANALYZER_NONNULL = YES;
				CLANG_ANALYZER_NUMBER_OBJECT_CONVERSION = YES_AGGRESSIVE;
				CLANG_CXX_LANGUAGE_STANDARD = "gnu++20";
				CLANG_ENABLE_MODULES = YES;
				CLANG_ENABLE_OBJC_ARC = YES;
				CLANG_ENABLE_OBJC_WEAK = YES;
				CLANG_WARN_BLOCK_CAPTURE_AUTORELEASING = YES;
				CLANG_WARN_BOOL_CONVERSION = YES;
				CLANG_WARN_COMMA = YES;
				CLANG_WARN_CONSTANT_CONVERSION = YES;
				CLANG_WARN_DEPRECATED_OBJC_IMPLEMENTATIONS = YES;
				CLANG_WARN_DIRECT_OBJC_ISA_USAGE = YES_ERROR;
				CLANG_WARN_DOCUMENTATION_COMMENTS = YES;
				CLANG_WARN_EMPTY_BODY = YES;
				CLANG_WARN_ENUM_CONVERSION = YES;
				CLANG_WARN_INFINITE_RECURSION = YES;
				CLANG_WARN_INT_CONVERSION = YES;
				CLANG_WARN_NON_LITERAL_NULL_CONVERSION = YES;
				CLANG_WARN_OBJC_IMPLICIT_RETAIN_SELF = YES;
				CLANG_WARN_OBJC_LITERAL_CONVERSION = YES;
				CLANG_WARN_OBJC_ROOT_CLASS = YES_ERROR;
				CLANG_WARN_QUOTED_INCLUDE_IN_FRAMEWORK_HEADER = YES;
				CLANG_WARN_RANGE_LOOP_ANALYSIS = YES;
				CLANG_WARN_STRICT_PROTOTYPES = YES;
				CLANG_WARN_SUSPICIOUS_MOVE = YES;
				CLANG_WARN_UNGUARDED_AVAILABILITY = YES_AGGRESSIVE;
				CLANG_WARN_UNREACHABLE_CODE = YES;
				CLANG_WARN__DUPLICATE_METHOD_MATCH = YES;
				COPY_PHASE_STRIP = NO;
				DEBUG_INFORMATION_FORMAT = "dwarf-with-dsym";
				ENABLE_NS_ASSERTIONS = NO;
				ENABLE_STRICT_OBJC_MSGSEND = YES;
				GCC_C_LANGUAGE_STANDARD = gnu11;
				GCC_NO_COMMON_BLOCKS = YES;
				GCC_WARN_64_TO_32_BIT_CONVERSION = YES;
				GCC_WARN_ABOUT_RETURN_TYPE = YES_ERROR;
				GCC_WARN_UNDECLARED_SELECTOR = YES;
				GCC_WARN_UNINITIALIZED_AUTOS = YES_AGGRESSIVE;
				GCC_WARN_UNUSED_FUNCTION = YES;
				GCC_WARN_UNUSED_VARIABLE = YES;
				IPHONEOS_DEPLOYMENT_TARGET = 16.1;
				MTL_ENABLE_DEBUG_INFO = NO;
				MTL_FAST_MATH = YES;
				SDKROOT = iphoneos;
				SWIFT_COMPILATION_MODE = wholemodule;
				SWIFT_OPTIMIZATION_LEVEL = "-O";
				VALIDATE_PRODUCT = YES;
			};
			name = Release;
		};
		4558BF562A0FE64900F40377 /* Debug */ = {
			isa = XCBuildConfiguration;
			buildSettings = {
				ASSETCATALOG_COMPILER_APPICON_NAME = AppIcon;
				ASSETCATALOG_COMPILER_GLOBAL_ACCENT_COLOR_NAME = AccentColor;
				CODE_SIGN_STYLE = Automatic;
				CURRENT_PROJECT_VERSION = 1;
				DEVELOPMENT_TEAM = JZPU7337NX;
				GENERATE_INFOPLIST_FILE = YES;
				INFOPLIST_FILE = FriendZone/Info.plist;
				INFOPLIST_KEY_UIApplicationSupportsIndirectInputEvents = YES;
				INFOPLIST_KEY_UILaunchStoryboardName = LaunchScreen;
				INFOPLIST_KEY_UIMainStoryboardFile = Main;
				INFOPLIST_KEY_UISupportedInterfaceOrientations_iPad = "UIInterfaceOrientationPortrait UIInterfaceOrientationPortraitUpsideDown UIInterfaceOrientationLandscapeLeft UIInterfaceOrientationLandscapeRight";
				INFOPLIST_KEY_UISupportedInterfaceOrientations_iPhone = "UIInterfaceOrientationPortrait UIInterfaceOrientationLandscapeLeft UIInterfaceOrientationLandscapeRight";
				LD_RUNPATH_SEARCH_PATHS = (
					"$(inherited)",
					"@executable_path/Frameworks",
				);
				MARKETING_VERSION = 1.0;
				PRODUCT_BUNDLE_IDENTIFIER = "Roman-Vronsky.FriendZone";
				PRODUCT_NAME = "$(TARGET_NAME)";
				SWIFT_EMIT_LOC_STRINGS = YES;
				SWIFT_VERSION = 5.0;
				TARGETED_DEVICE_FAMILY = "1,2";
			};
			name = Debug;
		};
		4558BF572A0FE64900F40377 /* Release */ = {
			isa = XCBuildConfiguration;
			buildSettings = {
				ASSETCATALOG_COMPILER_APPICON_NAME = AppIcon;
				ASSETCATALOG_COMPILER_GLOBAL_ACCENT_COLOR_NAME = AccentColor;
				CODE_SIGN_STYLE = Automatic;
				CURRENT_PROJECT_VERSION = 1;
				DEVELOPMENT_TEAM = JZPU7337NX;
				GENERATE_INFOPLIST_FILE = YES;
				INFOPLIST_FILE = FriendZone/Info.plist;
				INFOPLIST_KEY_UIApplicationSupportsIndirectInputEvents = YES;
				INFOPLIST_KEY_UILaunchStoryboardName = LaunchScreen;
				INFOPLIST_KEY_UIMainStoryboardFile = Main;
				INFOPLIST_KEY_UISupportedInterfaceOrientations_iPad = "UIInterfaceOrientationPortrait UIInterfaceOrientationPortraitUpsideDown UIInterfaceOrientationLandscapeLeft UIInterfaceOrientationLandscapeRight";
				INFOPLIST_KEY_UISupportedInterfaceOrientations_iPhone = "UIInterfaceOrientationPortrait UIInterfaceOrientationLandscapeLeft UIInterfaceOrientationLandscapeRight";
				LD_RUNPATH_SEARCH_PATHS = (
					"$(inherited)",
					"@executable_path/Frameworks",
				);
				MARKETING_VERSION = 1.0;
				PRODUCT_BUNDLE_IDENTIFIER = "Roman-Vronsky.FriendZone";
				PRODUCT_NAME = "$(TARGET_NAME)";
				SWIFT_EMIT_LOC_STRINGS = YES;
				SWIFT_VERSION = 5.0;
				TARGETED_DEVICE_FAMILY = "1,2";
			};
			name = Release;
		};
/* End XCBuildConfiguration section */

/* Begin XCConfigurationList section */
		4558BF392A0FE64400F40377 /* Build configuration list for PBXProject "FriendZone" */ = {
			isa = XCConfigurationList;
			buildConfigurations = (
				4558BF532A0FE64900F40377 /* Debug */,
				4558BF542A0FE64900F40377 /* Release */,
			);
			defaultConfigurationIsVisible = 0;
			defaultConfigurationName = Release;
		};
		4558BF552A0FE64900F40377 /* Build configuration list for PBXNativeTarget "FriendZone" */ = {
			isa = XCConfigurationList;
			buildConfigurations = (
				4558BF562A0FE64900F40377 /* Debug */,
				4558BF572A0FE64900F40377 /* Release */,
			);
			defaultConfigurationIsVisible = 0;
			defaultConfigurationName = Release;
		};
/* End XCConfigurationList section */

/* Begin XCVersionGroup section */
		4558BF4A2A0FE64400F40377 /* FriendZone.xcdatamodeld */ = {
			isa = XCVersionGroup;
			children = (
				4558BF4B2A0FE64400F40377 /* FriendZone.xcdatamodel */,
			);
			currentVersion = 4558BF4B2A0FE64400F40377 /* FriendZone.xcdatamodel */;
			path = FriendZone.xcdatamodeld;
			sourceTree = "<group>";
			versionGroupType = wrapper.xcdatamodel;
		};
/* End XCVersionGroup section */
	};
	rootObject = 4558BF362A0FE64400F40377 /* Project object */;
}
